// !$*UTF8*$!
{
	archiveVersion = 1;
	classes = {
	};
	objectVersion = 46;
	objects = {

/* Begin PBXBuildFile section */
		AA5F2CBC1D8120DA00257FC1 /* AppDelegate.swift in Sources */ = {isa = PBXBuildFile; fileRef = AA5F2CBB1D8120DA00257FC1 /* AppDelegate.swift */; };
		AA5F2CBE1D8120DA00257FC1 /* ViewController.swift in Sources */ = {isa = PBXBuildFile; fileRef = AA5F2CBD1D8120DA00257FC1 /* ViewController.swift */; };
		AA5F2CC11D8120DA00257FC1 /* Main.storyboard in Resources */ = {isa = PBXBuildFile; fileRef = AA5F2CBF1D8120DA00257FC1 /* Main.storyboard */; };
		AA5F2CC31D8120DA00257FC1 /* Assets.xcassets in Resources */ = {isa = PBXBuildFile; fileRef = AA5F2CC21D8120DA00257FC1 /* Assets.xcassets */; };
		AA5F2CC61D8120DA00257FC1 /* LaunchScreen.storyboard in Resources */ = {isa = PBXBuildFile; fileRef = AA5F2CC41D8120DA00257FC1 /* LaunchScreen.storyboard */; };
		AA5F2CD11D8120DA00257FC1 /* jsonTests.swift in Sources */ = {isa = PBXBuildFile; fileRef = AA5F2CD01D8120DA00257FC1 /* jsonTests.swift */; };
		AA5F2CDC1D8120DA00257FC1 /* jsonUITests.swift in Sources */ = {isa = PBXBuildFile; fileRef = AA5F2CDB1D8120DA00257FC1 /* jsonUITests.swift */; };
/* End PBXBuildFile section */

/* Begin PBXContainerItemProxy section */
		AA5F2CCD1D8120DA00257FC1 /* PBXContainerItemProxy */ = {
			isa = PBXContainerItemProxy;
			containerPortal = AA5F2CB01D8120DA00257FC1 /* Project object */;
			proxyType = 1;
			remoteGlobalIDString = AA5F2CB71D8120DA00257FC1;
			remoteInfo = json;
		};
		AA5F2CD81D8120DA00257FC1 /* PBXContainerItemProxy */ = {
			isa = PBXContainerItemProxy;
			containerPortal = AA5F2CB01D8120DA00257FC1 /* Project object */;
			proxyType = 1;
			remoteGlobalIDString = AA5F2CB71D8120DA00257FC1;
			remoteInfo = json;
		};
/* End PBXContainerItemProxy section */

/* Begin PBXFileReference section */
		AA5F2CB81D8120DA00257FC1 /* json.app */ = {isa = PBXFileReference; explicitFileType = wrapper.application; includeInIndex = 0; path = json.app; sourceTree = BUILT_PRODUCTS_DIR; };
		AA5F2CBB1D8120DA00257FC1 /* AppDelegate.swift */ = {isa = PBXFileReference; lastKnownFileType = sourcecode.swift; path = AppDelegate.swift; sourceTree = "<group>"; };
		AA5F2CBD1D8120DA00257FC1 /* ViewController.swift */ = {isa = PBXFileReference; lastKnownFileType = sourcecode.swift; path = ViewController.swift; sourceTree = "<group>"; };
		AA5F2CC01D8120DA00257FC1 /* Base */ = {isa = PBXFileReference; lastKnownFileType = file.storyboard; name = Base; path = Base.lproj/Main.storyboard; sourceTree = "<group>"; };
		AA5F2CC21D8120DA00257FC1 /* Assets.xcassets */ = {isa = PBXFileReference; lastKnownFileType = folder.assetcatalog; path = Assets.xcassets; sourceTree = "<group>"; };
		AA5F2CC51D8120DA00257FC1 /* Base */ = {isa = PBXFileReference; lastKnownFileType = file.storyboard; name = Base; path = Base.lproj/LaunchScreen.storyboard; sourceTree = "<group>"; };
		AA5F2CC71D8120DA00257FC1 /* Info.plist */ = {isa = PBXFileReference; lastKnownFileType = text.plist.xml; path = Info.plist; sourceTree = "<group>"; };
		AA5F2CCC1D8120DA00257FC1 /* jsonTests.xctest */ = {isa = PBXFileReference; explicitFileType = wrapper.cfbundle; includeInIndex = 0; path = jsonTests.xctest; sourceTree = BUILT_PRODUCTS_DIR; };
		AA5F2CD01D8120DA00257FC1 /* jsonTests.swift */ = {isa = PBXFileReference; lastKnownFileType = sourcecode.swift; path = jsonTests.swift; sourceTree = "<group>"; };
		AA5F2CD21D8120DA00257FC1 /* Info.plist */ = {isa = PBXFileReference; lastKnownFileType = text.plist.xml; path = Info.plist; sourceTree = "<group>"; };
		AA5F2CD71D8120DA00257FC1 /* jsonUITests.xctest */ = {isa = PBXFileReference; explicitFileType = wrapper.cfbundle; includeInIndex = 0; path = jsonUITests.xctest; sourceTree = BUILT_PRODUCTS_DIR; };
		AA5F2CDB1D8120DA00257FC1 /* jsonUITests.swift */ = {isa = PBXFileReference; lastKnownFileType = sourcecode.swift; path = jsonUITests.swift; sourceTree = "<group>"; };
		AA5F2CDD1D8120DA00257FC1 /* Info.plist */ = {isa = PBXFileReference; lastKnownFileType = text.plist.xml; path = Info.plist; sourceTree = "<group>"; };
/* End PBXFileReference section */

/* Begin PBXFrameworksBuildPhase section */
		AA5F2CB51D8120DA00257FC1 /* Frameworks */ = {
			isa = PBXFrameworksBuildPhase;
			buildActionMask = 2147483647;
			files = (
			);
			runOnlyForDeploymentPostprocessing = 0;
		};
		AA5F2CC91D8120DA00257FC1 /* Frameworks */ = {
			isa = PBXFrameworksBuildPhase;
			buildActionMask = 2147483647;
			files = (
			);
			runOnlyForDeploymentPostprocessing = 0;
		};
		AA5F2CD41D8120DA00257FC1 /* Frameworks */ = {
			isa = PBXFrameworksBuildPhase;
			buildActionMask = 2147483647;
			files = (
			);
			runOnlyForDeploymentPostprocessing = 0;
		};
/* End PBXFrameworksBuildPhase section */

/* Begin PBXGroup section */
		AA5F2CAF1D8120DA00257FC1 = {
			isa = PBXGroup;
			children = (
				AA5F2CBA1D8120DA00257FC1 /* json */,
				AA5F2CCF1D8120DA00257FC1 /* jsonTests */,
				AA5F2CDA1D8120DA00257FC1 /* jsonUITests */,
				AA5F2CB91D8120DA00257FC1 /* Products */,
			);
			sourceTree = "<group>";
		};
		AA5F2CB91D8120DA00257FC1 /* Products */ = {
			isa = PBXGroup;
			children = (
				AA5F2CB81D8120DA00257FC1 /* json.app */,
				AA5F2CCC1D8120DA00257FC1 /* jsonTests.xctest */,
				AA5F2CD71D8120DA00257FC1 /* jsonUITests.xctest */,
			);
			name = Products;
			sourceTree = "<group>";
		};
		AA5F2CBA1D8120DA00257FC1 /* json */ = {
			isa = PBXGroup;
			children = (
				AA5F2CBB1D8120DA00257FC1 /* AppDelegate.swift */,
				AA5F2CBD1D8120DA00257FC1 /* ViewController.swift */,
				AA5F2CBF1D8120DA00257FC1 /* Main.storyboard */,
				AA5F2CC21D8120DA00257FC1 /* Assets.xcassets */,
				AA5F2CC41D8120DA00257FC1 /* LaunchScreen.storyboard */,
				AA5F2CC71D8120DA00257FC1 /* Info.plist */,
			);
			path = json;
			sourceTree = "<group>";
		};
		AA5F2CCF1D8120DA00257FC1 /* jsonTests */ = {
			isa = PBXGroup;
			children = (
				AA5F2CD01D8120DA00257FC1 /* jsonTests.swift */,
				AA5F2CD21D8120DA00257FC1 /* Info.plist */,
			);
			path = jsonTests;
			sourceTree = "<group>";
		};
		AA5F2CDA1D8120DA00257FC1 /* jsonUITests */ = {
			isa = PBXGroup;
			children = (
				AA5F2CDB1D8120DA00257FC1 /* jsonUITests.swift */,
				AA5F2CDD1D8120DA00257FC1 /* Info.plist */,
			);
			path = jsonUITests;
			sourceTree = "<group>";
		};
/* End PBXGroup section */

/* Begin PBXNativeTarget section */
		AA5F2CB71D8120DA00257FC1 /* json */ = {
			isa = PBXNativeTarget;
			buildConfigurationList = AA5F2CE01D8120DA00257FC1 /* Build configuration list for PBXNativeTarget "json" */;
			buildPhases = (
				AA5F2CB41D8120DA00257FC1 /* Sources */,
				AA5F2CB51D8120DA00257FC1 /* Frameworks */,
				AA5F2CB61D8120DA00257FC1 /* Resources */,
			);
			buildRules = (
			);
			dependencies = (
			);
			name = json;
			productName = json;
			productReference = AA5F2CB81D8120DA00257FC1 /* json.app */;
			productType = "com.apple.product-type.application";
		};
		AA5F2CCB1D8120DA00257FC1 /* jsonTests */ = {
			isa = PBXNativeTarget;
			buildConfigurationList = AA5F2CE31D8120DA00257FC1 /* Build configuration list for PBXNativeTarget "jsonTests" */;
			buildPhases = (
				AA5F2CC81D8120DA00257FC1 /* Sources */,
				AA5F2CC91D8120DA00257FC1 /* Frameworks */,
				AA5F2CCA1D8120DA00257FC1 /* Resources */,
			);
			buildRules = (
			);
			dependencies = (
				AA5F2CCE1D8120DA00257FC1 /* PBXTargetDependency */,
			);
			name = jsonTests;
			productName = jsonTests;
			productReference = AA5F2CCC1D8120DA00257FC1 /* jsonTests.xctest */;
			productType = "com.apple.product-type.bundle.unit-test";
		};
		AA5F2CD61D8120DA00257FC1 /* jsonUITests */ = {
			isa = PBXNativeTarget;
			buildConfigurationList = AA5F2CE61D8120DA00257FC1 /* Build configuration list for PBXNativeTarget "jsonUITests" */;
			buildPhases = (
				AA5F2CD31D8120DA00257FC1 /* Sources */,
				AA5F2CD41D8120DA00257FC1 /* Frameworks */,
				AA5F2CD51D8120DA00257FC1 /* Resources */,
			);
			buildRules = (
			);
			dependencies = (
				AA5F2CD91D8120DA00257FC1 /* PBXTargetDependency */,
			);
			name = jsonUITests;
			productName = jsonUITests;
			productReference = AA5F2CD71D8120DA00257FC1 /* jsonUITests.xctest */;
			productType = "com.apple.product-type.bundle.ui-testing";
		};
/* End PBXNativeTarget section */

/* Begin PBXProject section */
		AA5F2CB01D8120DA00257FC1 /* Project object */ = {
			isa = PBXProject;
			attributes = {
				LastSwiftUpdateCheck = 0720;
				LastUpgradeCheck = 0720;
				ORGANIZATIONNAME = Bangner;
				TargetAttributes = {
					AA5F2CB71D8120DA00257FC1 = {
						CreatedOnToolsVersion = 7.2.1;
						DevelopmentTeam = Z8MP6M96QV;
					};
					AA5F2CCB1D8120DA00257FC1 = {
						CreatedOnToolsVersion = 7.2.1;
						DevelopmentTeam = Z8MP6M96QV;
						TestTargetID = AA5F2CB71D8120DA00257FC1;
					};
					AA5F2CD61D8120DA00257FC1 = {
						CreatedOnToolsVersion = 7.2.1;
						DevelopmentTeam = Z8MP6M96QV;
						TestTargetID = AA5F2CB71D8120DA00257FC1;
					};
				};
			};
			buildConfigurationList = AA5F2CB31D8120DA00257FC1 /* Build configuration list for PBXProject "json" */;
			compatibilityVersion = "Xcode 3.2";
			developmentRegion = English;
			hasScannedForEncodings = 0;
			knownRegions = (
				en,
				Base,
			);
			mainGroup = AA5F2CAF1D8120DA00257FC1;
			productRefGroup = AA5F2CB91D8120DA00257FC1 /* Products */;
			projectDirPath = "";
			projectRoot = "";
			targets = (
				AA5F2CB71D8120DA00257FC1 /* json */,
				AA5F2CCB1D8120DA00257FC1 /* jsonTests */,
				AA5F2CD61D8120DA00257FC1 /* jsonUITests */,
			);
		};
/* End PBXProject section */

/* Begin PBXResourcesBuildPhase section */
		AA5F2CB61D8120DA00257FC1 /* Resources */ = {
			isa = PBXResourcesBuildPhase;
			buildActionMask = 2147483647;
			files = (
				AA5F2CC61D8120DA00257FC1 /* LaunchScreen.storyboard in Resources */,
				AA5F2CC31D8120DA00257FC1 /* Assets.xcassets in Resources */,
				AA5F2CC11D8120DA00257FC1 /* Main.storyboard in Resources */,
			);
			runOnlyForDeploymentPostprocessing = 0;
		};
		AA5F2CCA1D8120DA00257FC1 /* Resources */ = {
			isa = PBXResourcesBuildPhase;
			buildActionMask = 2147483647;
			files = (
			);
			runOnlyForDeploymentPostprocessing = 0;
		};
		AA5F2CD51D8120DA00257FC1 /* Resources */ = {
			isa = PBXResourcesBuildPhase;
			buildActionMask = 2147483647;
			files = (
			);
			runOnlyForDeploymentPostprocessing = 0;
		};
/* End PBXResourcesBuildPhase section */

/* Begin PBXSourcesBuildPhase section */
		AA5F2CB41D8120DA00257FC1 /* Sources */ = {
			isa = PBXSourcesBuildPhase;
			buildActionMask = 2147483647;
			files = (
				AA5F2CBE1D8120DA00257FC1 /* ViewController.swift in Sources */,
				AA5F2CBC1D8120DA00257FC1 /* AppDelegate.swift in Sources */,
			);
			runOnlyForDeploymentPostprocessing = 0;
		};
		AA5F2CC81D8120DA00257FC1 /* Sources */ = {
			isa = PBXSourcesBuildPhase;
			buildActionMask = 2147483647;
			files = (
				AA5F2CD11D8120DA00257FC1 /* jsonTests.swift in Sources */,
			);
			runOnlyForDeploymentPostprocessing = 0;
		};
		AA5F2CD31D8120DA00257FC1 /* Sources */ = {
			isa = PBXSourcesBuildPhase;
			buildActionMask = 2147483647;
			files = (
				AA5F2CDC1D8120DA00257FC1 /* jsonUITests.swift in Sources */,
			);
			runOnlyForDeploymentPostprocessing = 0;
		};
/* End PBXSourcesBuildPhase section */

/* Begin PBXTargetDependency section */
		AA5F2CCE1D8120DA00257FC1 /* PBXTargetDependency */ = {
			isa = PBXTargetDependency;
			target = AA5F2CB71D8120DA00257FC1 /* json */;
			targetProxy = AA5F2CCD1D8120DA00257FC1 /* PBXContainerItemProxy */;
		};
		AA5F2CD91D8120DA00257FC1 /* PBXTargetDependency */ = {
			isa = PBXTargetDependency;
			target = AA5F2CB71D8120DA00257FC1 /* json */;
			targetProxy = AA5F2CD81D8120DA00257FC1 /* PBXContainerItemProxy */;
		};
/* End PBXTargetDependency section */

/* Begin PBXVariantGroup section */
		AA5F2CBF1D8120DA00257FC1 /* Main.storyboard */ = {
			isa = PBXVariantGroup;
			children = (
				AA5F2CC01D8120DA00257FC1 /* Base */,
			);
			name = Main.storyboard;
			sourceTree = "<group>";
		};
		AA5F2CC41D8120DA00257FC1 /* LaunchScreen.storyboard */ = {
			isa = PBXVariantGroup;
			children = (
				AA5F2CC51D8120DA00257FC1 /* Base */,
			);
			name = LaunchScreen.storyboard;
			sourceTree = "<group>";
		};
/* End PBXVariantGroup section */

/* Begin XCBuildConfiguration section */
		AA5F2CDE1D8120DA00257FC1 /* Debug */ = {
			isa = XCBuildConfiguration;
			buildSettings = {
				ALWAYS_SEARCH_USER_PATHS = NO;
				CLANG_CXX_LANGUAGE_STANDARD = "gnu++0x";
				CLANG_CXX_LIBRARY = "libc++";
				CLANG_ENABLE_MODULES = YES;
				CLANG_ENABLE_OBJC_ARC = YES;
				CLANG_WARN_BOOL_CONVERSION = YES;
				CLANG_WARN_CONSTANT_CONVERSION = YES;
				CLANG_WARN_DIRECT_OBJC_ISA_USAGE = YES_ERROR;
				CLANG_WARN_EMPTY_BODY = YES;
				CLANG_WARN_ENUM_CONVERSION = YES;
				CLANG_WARN_INT_CONVERSION = YES;
				CLANG_WARN_OBJC_ROOT_CLASS = YES_ERROR;
				CLANG_WARN_UNREACHABLE_CODE = YES;
				CLANG_WARN__DUPLICATE_METHOD_MATCH = YES;
				"CODE_SIGN_IDENTITY[sdk=iphoneos*]" = "iPhone Developer";
				COPY_PHASE_STRIP = NO;
				DEBUG_INFORMATION_FORMAT = dwarf;
				ENABLE_STRICT_OBJC_MSGSEND = YES;
				ENABLE_TESTABILITY = YES;
				GCC_C_LANGUAGE_STANDARD = gnu99;
				GCC_DYNAMIC_NO_PIC = NO;
				GCC_NO_COMMON_BLOCKS = YES;
				GCC_OPTIMIZATION_LEVEL = 0;
				GCC_PREPROCESSOR_DEFINITIONS = (
					"DEBUG=1",
					"$(inherited)",
				);
				GCC_WARN_64_TO_32_BIT_CONVERSION = YES;
				GCC_WARN_ABOUT_RETURN_TYPE = YES_ERROR;
				GCC_WARN_UNDECLARED_SELECTOR = YES;
				GCC_WARN_UNINITIALIZED_AUTOS = YES_AGGRESSIVE;
				GCC_WARN_UNUSED_FUNCTION = YES;
				GCC_WARN_UNUSED_VARIABLE = YES;
				IPHONEOS_DEPLOYMENT_TARGET = 9.2;
				MTL_ENABLE_DEBUG_INFO = YES;
				ONLY_ACTIVE_ARCH = YES;
				SDKROOT = iphoneos;
				SWIFT_OPTIMIZATION_LEVEL = "-Onone";
			};
			name = Debug;
		};
		AA5F2CDF1D8120DA00257FC1 /* Release */ = {
			isa = XCBuildConfiguration;
			buildSettings = {
				ALWAYS_SEARCH_USER_PATHS = NO;
				CLANG_CXX_LANGUAGE_STANDARD = "gnu++0x";
				CLANG_CXX_LIBRARY = "libc++";
				CLANG_ENABLE_MODULES = YES;
				CLANG_ENABLE_OBJC_ARC = YES;
				CLANG_WARN_BOOL_CONVERSION = YES;
				CLANG_WARN_CONSTANT_CONVERSION = YES;
				CLANG_WARN_DIRECT_OBJC_ISA_USAGE = YES_ERROR;
				CLANG_WARN_EMPTY_BODY = YES;
				CLANG_WARN_ENUM_CONVERSION = YES;
				CLANG_WARN_INT_CONVERSION = YES;
				CLANG_WARN_OBJC_ROOT_CLASS = YES_ERROR;
				CLANG_WARN_UNREACHABLE_CODE = YES;
				CLANG_WARN__DUPLICATE_METHOD_MATCH = YES;
				"CODE_SIGN_IDENTITY[sdk=iphoneos*]" = "iPhone Developer";
				COPY_PHASE_STRIP = NO;
				DEBUG_INFORMATION_FORMAT = "dwarf-with-dsym";
				ENABLE_NS_ASSERTIONS = NO;
				ENABLE_STRICT_OBJC_MSGSEND = YES;
				GCC_C_LANGUAGE_STANDARD = gnu99;
				GCC_NO_COMMON_BLOCKS = YES;
				GCC_WARN_64_TO_32_BIT_CONVERSION = YES;
				GCC_WARN_ABOUT_RETURN_TYPE = YES_ERROR;
				GCC_WARN_UNDECLARED_SELECTOR = YES;
				GCC_WARN_UNINITIALIZED_AUTOS = YES_AGGRESSIVE;
				GCC_WARN_UNUSED_FUNCTION = YES;
				GCC_WARN_UNUSED_VARIABLE = YES;
				IPHONEOS_DEPLOYMENT_TARGET = 9.2;
				MTL_ENABLE_DEBUG_INFO = NO;
				SDKROOT = iphoneos;
				VALIDATE_PRODUCT = YES;
			};
			name = Release;
		};
		AA5F2CE11D8120DA00257FC1 /* Debug */ = {
			isa = XCBuildConfiguration;
			buildSettings = {
				ASSETCATALOG_COMPILER_APPICON_NAME = AppIcon;
				INFOPLIST_FILE = json/Info.plist;
				LD_RUNPATH_SEARCH_PATHS = "$(inherited) @executable_path/Frameworks";
				PRODUCT_BUNDLE_IDENTIFIER = self.edu.joe.json;
				PRODUCT_NAME = "$(TARGET_NAME)";
			};
			name = Debug;
		};
		AA5F2CE21D8120DA00257FC1 /* Release */ = {
			isa = XCBuildConfiguration;
			buildSettings = {
				ASSETCATALOG_COMPILER_APPICON_NAME = AppIcon;
				INFOPLIST_FILE = json/Info.plist;
				LD_RUNPATH_SEARCH_PATHS = "$(inherited) @executable_path/Frameworks";
				PRODUCT_BUNDLE_IDENTIFIER = self.edu.joe.json;
				PRODUCT_NAME = "$(TARGET_NAME)";
			};
			name = Release;
		};
		AA5F2CE41D8120DA00257FC1 /* Debug */ = {
			isa = XCBuildConfiguration;
			buildSettings = {
				BUNDLE_LOADER = "$(TEST_HOST)";
				INFOPLIST_FILE = jsonTests/Info.plist;
				LD_RUNPATH_SEARCH_PATHS = "$(inherited) @executable_path/Frameworks @loader_path/Frameworks";
				PRODUCT_BUNDLE_IDENTIFIER = self.edu.joe.jsonTests;
				PRODUCT_NAME = "$(TARGET_NAME)";
				TEST_HOST = "$(BUILT_PRODUCTS_DIR)/json.app/json";
			};
			name = Debug;
		};
		AA5F2CE51D8120DA00257FC1 /* Release */ = {
			isa = XCBuildConfiguration;
			buildSettings = {
				BUNDLE_LOADER = "$(TEST_HOST)";
				INFOPLIST_FILE = jsonTests/Info.plist;
				LD_RUNPATH_SEARCH_PATHS = "$(inherited) @executable_path/Frameworks @loader_path/Frameworks";
				PRODUCT_BUNDLE_IDENTIFIER = self.edu.joe.jsonTests;
				PRODUCT_NAME = "$(TARGET_NAME)";
				TEST_HOST = "$(BUILT_PRODUCTS_DIR)/json.app/json";
			};
			name = Release;
		};
		AA5F2CE71D8120DA00257FC1 /* Debug */ = {
			isa = XCBuildConfiguration;
			buildSettings = {
				INFOPLIST_FILE = jsonUITests/Info.plist;
				LD_RUNPATH_SEARCH_PATHS = "$(inherited) @executable_path/Frameworks @loader_path/Frameworks";
				PRODUCT_BUNDLE_IDENTIFIER = self.edu.joe.jsonUITests;
				PRODUCT_NAME = "$(TARGET_NAME)";
				TEST_TARGET_NAME = json;
				USES_XCTRUNNER = YES;
			};
			name = Debug;
		};
		AA5F2CE81D8120DA00257FC1 /* Release */ = {
			isa = XCBuildConfiguration;
			buildSettings = {
				INFOPLIST_FILE = jsonUITests/Info.plist;
				LD_RUNPATH_SEARCH_PATHS = "$(inherited) @executable_path/Frameworks @loader_path/Frameworks";
				PRODUCT_BUNDLE_IDENTIFIER = self.edu.joe.jsonUITests;
				PRODUCT_NAME = "$(TARGET_NAME)";
				TEST_TARGET_NAME = json;
				USES_XCTRUNNER = YES;
			};
			name = Release;
		};
/* End XCBuildConfiguration section */

/* Begin XCConfigurationList section */
		AA5F2CB31D8120DA00257FC1 /* Build configuration list for PBXProject "json" */ = {
			isa = XCConfigurationList;
			buildConfigurations = (
				AA5F2CDE1D8120DA00257FC1 /* Debug */,
				AA5F2CDF1D8120DA00257FC1 /* Release */,
			);
			defaultConfigurationIsVisible = 0;
			defaultConfigurationName = Release;
		};
		AA5F2CE01D8120DA00257FC1 /* Build configuration list for PBXNativeTarget "json" */ = {
			isa = XCConfigurationList;
			buildConfigurations = (
				AA5F2CE11D8120DA00257FC1 /* Debug */,
				AA5F2CE21D8120DA00257FC1 /* Release */,
			);
			defaultConfigurationIsVisible = 0;
		};
		AA5F2CE31D8120DA00257FC1 /* Build configuration list for PBXNativeTarget "jsonTests" */ = {
			isa = XCConfigurationList;
			buildConfigurations = (
				AA5F2CE41D8120DA00257FC1 /* Debug */,
				AA5F2CE51D8120DA00257FC1 /* Release */,
			);
			defaultConfigurationIsVisible = 0;
		};
		AA5F2CE61D8120DA00257FC1 /* Build configuration list for PBXNativeTarget "jsonUITests" */ = {
			isa = XCConfigurationList;
			buildConfigurations = (
				AA5F2CE71D8120DA00257FC1 /* Debug */,
				AA5F2CE81D8120DA00257FC1 /* Release */,
			);
			defaultConfigurationIsVisible = 0;
		};
/* End XCConfigurationList section */
	};
	rootObject = AA5F2CB01D8120DA00257FC1 /* Project object */;
}
